
Microsoft Visual Studio Solution File, Format Version 12.00
# Visual Studio 14
VisualStudioVersion = 14.0.25420.1
MinimumVisualStudioVersion = 10.0.40219.1
Project("{FAE04EC0-301F-11D3-BF4B-00C04F79EFBC}") = "ABCEdWCFSerivce", "ABCEdWCFSerivce\ABCEdWCFSerivce.csproj", "{BA087424-1FA1-436E-B562-AC2BACB500E3}"
EndProject
Project("{FAE04EC0-301F-11D3-BF4B-00C04F79EFBC}") = "NunitTesting", "NunitTesting\NunitTesting.csproj", "{E5E7A80C-2B62-4690-8097-A0B0326546EB}"
EndProject
Global
	GlobalSection(SolutionConfigurationPlatforms) = preSolution
		Debug|Any CPU = Debug|Any CPU
		Release|Any CPU = Release|Any CPU
	EndGlobalSection
	GlobalSection(ProjectConfigurationPlatforms) = postSolution
		{BA087424-1FA1-436E-B562-AC2BACB500E3}.Debug|Any CPU.ActiveCfg = Debug|Any CPU
		{BA087424-1FA1-436E-B562-AC2BACB500E3}.Debug|Any CPU.Build.0 = Debug|Any CPU
		{BA087424-1FA1-436E-B562-AC2BACB500E3}.Release|Any CPU.ActiveCfg = Release|Any CPU
		{BA087424-1FA1-436E-B562-AC2BACB500E3}.Release|Any CPU.Build.0 = Release|Any CPU
		{E5E7A80C-2B62-4690-8097-A0B0326546EB}.Debug|Any CPU.ActiveCfg = Debug|Any CPU
		{E5E7A80C-2B62-4690-8097-A0B0326546EB}.Debug|Any CPU.Build.0 = Debug|Any CPU
		{E5E7A80C-2B62-4690-8097-A0B0326546EB}.Release|Any CPU.ActiveCfg = Release|Any CPU
		{E5E7A80C-2B62-4690-8097-A0B0326546EB}.Release|Any CPU.Build.0 = Release|Any CPU
	EndGlobalSection
	GlobalSection(SolutionProperties) = preSolution
		HideSolutionNode = FALSE
	EndGlobalSection
EndGlobal
